// !$*UTF8*$!
{
	archiveVersion = 1;
	classes = {
	};
	objectVersion = 50;
	objects = {

/* Begin PBXBuildFile section */
		2279D00E2554CE0C00903C9A /* AppDelegate.swift in Sources */ = {isa = PBXBuildFile; fileRef = 2279D00D2554CE0C00903C9A /* AppDelegate.swift */; };
		2279D0102554CE0C00903C9A /* SceneDelegate.swift in Sources */ = {isa = PBXBuildFile; fileRef = 2279D00F2554CE0C00903C9A /* SceneDelegate.swift */; };
		2279D0122554CE0C00903C9A /* CodeEditorView.swift in Sources */ = {isa = PBXBuildFile; fileRef = 2279D0112554CE0C00903C9A /* CodeEditorView.swift */; };
		2279D0142554CE0E00903C9A /* Assets.xcassets in Resources */ = {isa = PBXBuildFile; fileRef = 2279D0132554CE0E00903C9A /* Assets.xcassets */; };
		2279D0172554CE0E00903C9A /* Preview Assets.xcassets in Resources */ = {isa = PBXBuildFile; fileRef = 2279D0162554CE0E00903C9A /* Preview Assets.xcassets */; };
		2279D01A2554CE0E00903C9A /* LaunchScreen.storyboard in Resources */ = {isa = PBXBuildFile; fileRef = 2279D0182554CE0E00903C9A /* LaunchScreen.storyboard */; };
		2279D0252554CE0E00903C9A /* LearnCodeAssemblyTests.swift in Sources */ = {isa = PBXBuildFile; fileRef = 2279D0242554CE0E00903C9A /* LearnCodeAssemblyTests.swift */; };
		2279D0302554CE0E00903C9A /* LearnCodeAssemblyUITests.swift in Sources */ = {isa = PBXBuildFile; fileRef = 2279D02F2554CE0E00903C9A /* LearnCodeAssemblyUITests.swift */; };
		CE5E845326AEA72A00BF1F61 /* CircleImage.swift in Sources */ = {isa = PBXBuildFile; fileRef = CE5E845226AEA72A00BF1F61 /* CircleImage.swift */; };
		CE692E6226B15EF300570ECD /* SourceCodeFileListView.swift in Sources */ = {isa = PBXBuildFile; fileRef = CE692E6126B15EF200570ECD /* SourceCodeFileListView.swift */; };
		CEFED00726B1012C0079A5D0 /* SourceCodeFile.swift in Sources */ = {isa = PBXBuildFile; fileRef = CEFED00626B1012C0079A5D0 /* SourceCodeFile.swift */; };
		CEFED00926B1021C0079A5D0 /* ModelData.swift in Sources */ = {isa = PBXBuildFile; fileRef = CEFED00826B1021C0079A5D0 /* ModelData.swift */; };
		CEFED00E26B1040F0079A5D0 /* sourceCodeFiles.json in Resources */ = {isa = PBXBuildFile; fileRef = CEFED00D26B1040F0079A5D0 /* sourceCodeFiles.json */; };
		CEFED01026B107560079A5D0 /* SourceCodeFileView.swift in Sources */ = {isa = PBXBuildFile; fileRef = CEFED00F26B107560079A5D0 /* SourceCodeFileView.swift */; };
/* End PBXBuildFile section */

/* Begin PBXContainerItemProxy section */
		2279D0212554CE0E00903C9A /* PBXContainerItemProxy */ = {
			isa = PBXContainerItemProxy;
			containerPortal = 2279D0022554CE0C00903C9A /* Project object */;
			proxyType = 1;
			remoteGlobalIDString = 2279D0092554CE0C00903C9A;
			remoteInfo = LearnCodeAssembly;
		};
		2279D02C2554CE0E00903C9A /* PBXContainerItemProxy */ = {
			isa = PBXContainerItemProxy;
			containerPortal = 2279D0022554CE0C00903C9A /* Project object */;
			proxyType = 1;
			remoteGlobalIDString = 2279D0092554CE0C00903C9A;
			remoteInfo = LearnCodeAssembly;
		};
/* End PBXContainerItemProxy section */

/* Begin PBXFileReference section */
		2279D00A2554CE0C00903C9A /* LearnCodeAssembly.app */ = {isa = PBXFileReference; explicitFileType = wrapper.application; includeInIndex = 0; path = LearnCodeAssembly.app; sourceTree = BUILT_PRODUCTS_DIR; };
		2279D00D2554CE0C00903C9A /* AppDelegate.swift */ = {isa = PBXFileReference; lastKnownFileType = sourcecode.swift; path = AppDelegate.swift; sourceTree = "<group>"; };
		2279D00F2554CE0C00903C9A /* SceneDelegate.swift */ = {isa = PBXFileReference; lastKnownFileType = sourcecode.swift; path = SceneDelegate.swift; sourceTree = "<group>"; };
		2279D0112554CE0C00903C9A /* CodeEditorView.swift */ = {isa = PBXFileReference; lastKnownFileType = sourcecode.swift; path = CodeEditorView.swift; sourceTree = "<group>"; };
		2279D0132554CE0E00903C9A /* Assets.xcassets */ = {isa = PBXFileReference; lastKnownFileType = folder.assetcatalog; path = Assets.xcassets; sourceTree = "<group>"; };
		2279D0162554CE0E00903C9A /* Preview Assets.xcassets */ = {isa = PBXFileReference; lastKnownFileType = folder.assetcatalog; path = "Preview Assets.xcassets"; sourceTree = "<group>"; };
		2279D0192554CE0E00903C9A /* Base */ = {isa = PBXFileReference; lastKnownFileType = file.storyboard; name = Base; path = Base.lproj/LaunchScreen.storyboard; sourceTree = "<group>"; };
		2279D01B2554CE0E00903C9A /* Info.plist */ = {isa = PBXFileReference; lastKnownFileType = text.plist.xml; path = Info.plist; sourceTree = "<group>"; };
		2279D0202554CE0E00903C9A /* LearnCodeAssemblyTests.xctest */ = {isa = PBXFileReference; explicitFileType = wrapper.cfbundle; includeInIndex = 0; path = LearnCodeAssemblyTests.xctest; sourceTree = BUILT_PRODUCTS_DIR; };
		2279D0242554CE0E00903C9A /* LearnCodeAssemblyTests.swift */ = {isa = PBXFileReference; lastKnownFileType = sourcecode.swift; path = LearnCodeAssemblyTests.swift; sourceTree = "<group>"; };
		2279D0262554CE0E00903C9A /* Info.plist */ = {isa = PBXFileReference; lastKnownFileType = text.plist.xml; path = Info.plist; sourceTree = "<group>"; };
		2279D02B2554CE0E00903C9A /* LearnCodeAssemblyUITests.xctest */ = {isa = PBXFileReference; explicitFileType = wrapper.cfbundle; includeInIndex = 0; path = LearnCodeAssemblyUITests.xctest; sourceTree = BUILT_PRODUCTS_DIR; };
		2279D02F2554CE0E00903C9A /* LearnCodeAssemblyUITests.swift */ = {isa = PBXFileReference; lastKnownFileType = sourcecode.swift; path = LearnCodeAssemblyUITests.swift; sourceTree = "<group>"; };
		2279D0312554CE0E00903C9A /* Info.plist */ = {isa = PBXFileReference; lastKnownFileType = text.plist.xml; path = Info.plist; sourceTree = "<group>"; };
		CE5E845226AEA72A00BF1F61 /* CircleImage.swift */ = {isa = PBXFileReference; lastKnownFileType = sourcecode.swift; path = CircleImage.swift; sourceTree = "<group>"; };
		CE692E6126B15EF200570ECD /* SourceCodeFileListView.swift */ = {isa = PBXFileReference; lastKnownFileType = sourcecode.swift; path = SourceCodeFileListView.swift; sourceTree = "<group>"; };
		CEFED00626B1012C0079A5D0 /* SourceCodeFile.swift */ = {isa = PBXFileReference; lastKnownFileType = sourcecode.swift; path = SourceCodeFile.swift; sourceTree = "<group>"; };
		CEFED00826B1021C0079A5D0 /* ModelData.swift */ = {isa = PBXFileReference; lastKnownFileType = sourcecode.swift; path = ModelData.swift; sourceTree = "<group>"; };
		CEFED00D26B1040F0079A5D0 /* sourceCodeFiles.json */ = {isa = PBXFileReference; lastKnownFileType = text.json; path = sourceCodeFiles.json; sourceTree = "<group>"; };
		CEFED00F26B107560079A5D0 /* SourceCodeFileView.swift */ = {isa = PBXFileReference; lastKnownFileType = sourcecode.swift; name = SourceCodeFileView.swift; path = LearnCodeAssembly/Resources/SourceCodeFileView.swift; sourceTree = SOURCE_ROOT; };
/* End PBXFileReference section */

/* Begin PBXFrameworksBuildPhase section */
		2279D0072554CE0C00903C9A /* Frameworks */ = {
			isa = PBXFrameworksBuildPhase;
			buildActionMask = 2147483647;
			files = (
			);
			runOnlyForDeploymentPostprocessing = 0;
		};
		2279D01D2554CE0E00903C9A /* Frameworks */ = {
			isa = PBXFrameworksBuildPhase;
			buildActionMask = 2147483647;
			files = (
			);
			runOnlyForDeploymentPostprocessing = 0;
		};
		2279D0282554CE0E00903C9A /* Frameworks */ = {
			isa = PBXFrameworksBuildPhase;
			buildActionMask = 2147483647;
			files = (
			);
			runOnlyForDeploymentPostprocessing = 0;
		};
/* End PBXFrameworksBuildPhase section */

/* Begin PBXGroup section */
		2279D0012554CE0C00903C9A = {
			isa = PBXGroup;
			children = (
				2279D00C2554CE0C00903C9A /* LearnCodeAssembly */,
				2279D0232554CE0E00903C9A /* LearnCodeAssemblyTests */,
				2279D02E2554CE0E00903C9A /* LearnCodeAssemblyUITests */,
				2279D00B2554CE0C00903C9A /* Products */,
			);
			sourceTree = "<group>";
		};
		2279D00B2554CE0C00903C9A /* Products */ = {
			isa = PBXGroup;
			children = (
				2279D00A2554CE0C00903C9A /* LearnCodeAssembly.app */,
				2279D0202554CE0E00903C9A /* LearnCodeAssemblyTests.xctest */,
				2279D02B2554CE0E00903C9A /* LearnCodeAssemblyUITests.xctest */,
			);
			name = Products;
			sourceTree = "<group>";
		};
		2279D00C2554CE0C00903C9A /* LearnCodeAssembly */ = {
			isa = PBXGroup;
			children = (
				CEFED00C26B103DE0079A5D0 /* Resources */,
				2279D00D2554CE0C00903C9A /* AppDelegate.swift */,
				2279D00F2554CE0C00903C9A /* SceneDelegate.swift */,
				CEFED00B26B103C20079A5D0 /* Views */,
				2279D0132554CE0E00903C9A /* Assets.xcassets */,
				2279D0182554CE0E00903C9A /* LaunchScreen.storyboard */,
				2279D01B2554CE0E00903C9A /* Info.plist */,
				2279D0152554CE0E00903C9A /* Preview Content */,
				CEFED00A26B103980079A5D0 /* Data */,
			);
			path = LearnCodeAssembly;
			sourceTree = "<group>";
		};
		2279D0152554CE0E00903C9A /* Preview Content */ = {
			isa = PBXGroup;
			children = (
				2279D0162554CE0E00903C9A /* Preview Assets.xcassets */,
			);
			path = "Preview Content";
			sourceTree = "<group>";
		};
		2279D0232554CE0E00903C9A /* LearnCodeAssemblyTests */ = {
			isa = PBXGroup;
			children = (
				2279D0242554CE0E00903C9A /* LearnCodeAssemblyTests.swift */,
				2279D0262554CE0E00903C9A /* Info.plist */,
			);
			path = LearnCodeAssemblyTests;
			sourceTree = "<group>";
		};
		2279D02E2554CE0E00903C9A /* LearnCodeAssemblyUITests */ = {
			isa = PBXGroup;
			children = (
				2279D02F2554CE0E00903C9A /* LearnCodeAssemblyUITests.swift */,
				2279D0312554CE0E00903C9A /* Info.plist */,
			);
			path = LearnCodeAssemblyUITests;
			sourceTree = "<group>";
		};
		CEFED00A26B103980079A5D0 /* Data */ = {
			isa = PBXGroup;
			children = (
				CEFED00626B1012C0079A5D0 /* SourceCodeFile.swift */,
				CEFED00826B1021C0079A5D0 /* ModelData.swift */,
			);
			path = Data;
			sourceTree = "<group>";
		};
		CEFED00B26B103C20079A5D0 /* Views */ = {
			isa = PBXGroup;
			children = (
				CEFED00F26B107560079A5D0 /* SourceCodeFileView.swift */,
				CE692E6126B15EF200570ECD /* SourceCodeFileListView.swift */,
				2279D0112554CE0C00903C9A /* CodeEditorView.swift */,
				CE5E845226AEA72A00BF1F61 /* CircleImage.swift */,
			);
			path = Views;
			sourceTree = "<group>";
		};
		CEFED00C26B103DE0079A5D0 /* Resources */ = {
			isa = PBXGroup;
			children = (
				CEFED00D26B1040F0079A5D0 /* sourceCodeFiles.json */,
			);
			path = Resources;
			sourceTree = "<group>";
		};
/* End PBXGroup section */

/* Begin PBXNativeTarget section */
		2279D0092554CE0C00903C9A /* LearnCodeAssembly */ = {
			isa = PBXNativeTarget;
			buildConfigurationList = 2279D0342554CE0E00903C9A /* Build configuration list for PBXNativeTarget "LearnCodeAssembly" */;
			buildPhases = (
				2279D0062554CE0C00903C9A /* Sources */,
				2279D0072554CE0C00903C9A /* Frameworks */,
				2279D0082554CE0C00903C9A /* Resources */,
			);
			buildRules = (
			);
			dependencies = (
			);
			name = LearnCodeAssembly;
			productName = LearnCodeAssembly;
			productReference = 2279D00A2554CE0C00903C9A /* LearnCodeAssembly.app */;
			productType = "com.apple.product-type.application";
		};
		2279D01F2554CE0E00903C9A /* LearnCodeAssemblyTests */ = {
			isa = PBXNativeTarget;
			buildConfigurationList = 2279D0372554CE0E00903C9A /* Build configuration list for PBXNativeTarget "LearnCodeAssemblyTests" */;
			buildPhases = (
				2279D01C2554CE0E00903C9A /* Sources */,
				2279D01D2554CE0E00903C9A /* Frameworks */,
				2279D01E2554CE0E00903C9A /* Resources */,
			);
			buildRules = (
			);
			dependencies = (
				2279D0222554CE0E00903C9A /* PBXTargetDependency */,
			);
			name = LearnCodeAssemblyTests;
			productName = LearnCodeAssemblyTests;
			productReference = 2279D0202554CE0E00903C9A /* LearnCodeAssemblyTests.xctest */;
			productType = "com.apple.product-type.bundle.unit-test";
		};
		2279D02A2554CE0E00903C9A /* LearnCodeAssemblyUITests */ = {
			isa = PBXNativeTarget;
			buildConfigurationList = 2279D03A2554CE0E00903C9A /* Build configuration list for PBXNativeTarget "LearnCodeAssemblyUITests" */;
			buildPhases = (
				2279D0272554CE0E00903C9A /* Sources */,
				2279D0282554CE0E00903C9A /* Frameworks */,
				2279D0292554CE0E00903C9A /* Resources */,
			);
			buildRules = (
			);
			dependencies = (
				2279D02D2554CE0E00903C9A /* PBXTargetDependency */,
			);
			name = LearnCodeAssemblyUITests;
			productName = LearnCodeAssemblyUITests;
			productReference = 2279D02B2554CE0E00903C9A /* LearnCodeAssemblyUITests.xctest */;
			productType = "com.apple.product-type.bundle.ui-testing";
		};
/* End PBXNativeTarget section */

/* Begin PBXProject section */
		2279D0022554CE0C00903C9A /* Project object */ = {
			isa = PBXProject;
			attributes = {
				LastSwiftUpdateCheck = 1130;
				LastUpgradeCheck = 1130;
				ORGANIZATIONNAME = "Wings' Might";
				TargetAttributes = {
					2279D0092554CE0C00903C9A = {
						CreatedOnToolsVersion = 11.3.1;
					};
					2279D01F2554CE0E00903C9A = {
						CreatedOnToolsVersion = 11.3.1;
						TestTargetID = 2279D0092554CE0C00903C9A;
					};
					2279D02A2554CE0E00903C9A = {
						CreatedOnToolsVersion = 11.3.1;
						TestTargetID = 2279D0092554CE0C00903C9A;
					};
				};
			};
			buildConfigurationList = 2279D0052554CE0C00903C9A /* Build configuration list for PBXProject "LearnCodeAssembly" */;
			compatibilityVersion = "Xcode 9.3";
			developmentRegion = en;
			hasScannedForEncodings = 0;
			knownRegions = (
				en,
				Base,
			);
			mainGroup = 2279D0012554CE0C00903C9A;
			productRefGroup = 2279D00B2554CE0C00903C9A /* Products */;
			projectDirPath = "";
			projectRoot = "";
			targets = (
				2279D0092554CE0C00903C9A /* LearnCodeAssembly */,
				2279D01F2554CE0E00903C9A /* LearnCodeAssemblyTests */,
				2279D02A2554CE0E00903C9A /* LearnCodeAssemblyUITests */,
			);
		};
/* End PBXProject section */

/* Begin PBXResourcesBuildPhase section */
		2279D0082554CE0C00903C9A /* Resources */ = {
			isa = PBXResourcesBuildPhase;
			buildActionMask = 2147483647;
			files = (
				2279D01A2554CE0E00903C9A /* LaunchScreen.storyboard in Resources */,
				2279D0172554CE0E00903C9A /* Preview Assets.xcassets in Resources */,
				2279D0142554CE0E00903C9A /* Assets.xcassets in Resources */,
				CEFED00E26B1040F0079A5D0 /* sourceCodeFiles.json in Resources */,
			);
			runOnlyForDeploymentPostprocessing = 0;
		};
		2279D01E2554CE0E00903C9A /* Resources */ = {
			isa = PBXResourcesBuildPhase;
			buildActionMask = 2147483647;
			files = (
			);
			runOnlyForDeploymentPostprocessing = 0;
		};
		2279D0292554CE0E00903C9A /* Resources */ = {
			isa = PBXResourcesBuildPhase;
			buildActionMask = 2147483647;
			files = (
			);
			runOnlyForDeploymentPostprocessing = 0;
		};
/* End PBXResourcesBuildPhase section */

/* Begin PBXSourcesBuildPhase section */
		2279D0062554CE0C00903C9A /* Sources */ = {
			isa = PBXSourcesBuildPhase;
			buildActionMask = 2147483647;
			files = (
				CEFED00726B1012C0079A5D0 /* SourceCodeFile.swift in Sources */,
				CE692E6226B15EF300570ECD /* SourceCodeFileListView.swift in Sources */,
				2279D00E2554CE0C00903C9A /* AppDelegate.swift in Sources */,
				CEFED01026B107560079A5D0 /* SourceCodeFileView.swift in Sources */,
				2279D0102554CE0C00903C9A /* SceneDelegate.swift in Sources */,
				2279D0122554CE0C00903C9A /* CodeEditorView.swift in Sources */,
				CE5E845326AEA72A00BF1F61 /* CircleImage.swift in Sources */,
				CEFED00926B1021C0079A5D0 /* ModelData.swift in Sources */,
			);
			runOnlyForDeploymentPostprocessing = 0;
		};
		2279D01C2554CE0E00903C9A /* Sources */ = {
			isa = PBXSourcesBuildPhase;
			buildActionMask = 2147483647;
			files = (
				2279D0252554CE0E00903C9A /* LearnCodeAssemblyTests.swift in Sources */,
			);
			runOnlyForDeploymentPostprocessing = 0;
		};
		2279D0272554CE0E00903C9A /* Sources */ = {
			isa = PBXSourcesBuildPhase;
			buildActionMask = 2147483647;
			files = (
				2279D0302554CE0E00903C9A /* LearnCodeAssemblyUITests.swift in Sources */,
			);
			runOnlyForDeploymentPostprocessing = 0;
		};
/* End PBXSourcesBuildPhase section */

/* Begin PBXTargetDependency section */
		2279D0222554CE0E00903C9A /* PBXTargetDependency */ = {
			isa = PBXTargetDependency;
			target = 2279D0092554CE0C00903C9A /* LearnCodeAssembly */;
			targetProxy = 2279D0212554CE0E00903C9A /* PBXContainerItemProxy */;
		};
		2279D02D2554CE0E00903C9A /* PBXTargetDependency */ = {
			isa = PBXTargetDependency;
			target = 2279D0092554CE0C00903C9A /* LearnCodeAssembly */;
			targetProxy = 2279D02C2554CE0E00903C9A /* PBXContainerItemProxy */;
		};
/* End PBXTargetDependency section */

/* Begin PBXVariantGroup section */
		2279D0182554CE0E00903C9A /* LaunchScreen.storyboard */ = {
			isa = PBXVariantGroup;
			children = (
				2279D0192554CE0E00903C9A /* Base */,
			);
			name = LaunchScreen.storyboard;
			sourceTree = "<group>";
		};
/* End PBXVariantGroup section */

/* Begin XCBuildConfiguration section */
		2279D0322554CE0E00903C9A /* Debug */ = {
			isa = XCBuildConfiguration;
			buildSettings = {
				ALWAYS_SEARCH_USER_PATHS = NO;
				CLANG_ANALYZER_NONNULL = YES;
				CLANG_ANALYZER_NUMBER_OBJECT_CONVERSION = YES_AGGRESSIVE;
				CLANG_CXX_LANGUAGE_STANDARD = "gnu++14";
				CLANG_CXX_LIBRARY = "libc++";
				CLANG_ENABLE_MODULES = YES;
				CLANG_ENABLE_OBJC_ARC = YES;
				CLANG_ENABLE_OBJC_WEAK = YES;
				CLANG_WARN_BLOCK_CAPTURE_AUTORELEASING = YES;
				CLANG_WARN_BOOL_CONVERSION = YES;
				CLANG_WARN_COMMA = YES;
				CLANG_WARN_CONSTANT_CONVERSION = YES;
				CLANG_WARN_DEPRECATED_OBJC_IMPLEMENTATIONS = YES;
				CLANG_WARN_DIRECT_OBJC_ISA_USAGE = YES_ERROR;
				CLANG_WARN_DOCUMENTATION_COMMENTS = YES;
				CLANG_WARN_EMPTY_BODY = YES;
				CLANG_WARN_ENUM_CONVERSION = YES;
				CLANG_WARN_INFINITE_RECURSION = YES;
				CLANG_WARN_INT_CONVERSION = YES;
				CLANG_WARN_NON_LITERAL_NULL_CONVERSION = YES;
				CLANG_WARN_OBJC_IMPLICIT_RETAIN_SELF = YES;
				CLANG_WARN_OBJC_LITERAL_CONVERSION = YES;
				CLANG_WARN_OBJC_ROOT_CLASS = YES_ERROR;
				CLANG_WARN_RANGE_LOOP_ANALYSIS = YES;
				CLANG_WARN_STRICT_PROTOTYPES = YES;
				CLANG_WARN_SUSPICIOUS_MOVE = YES;
				CLANG_WARN_UNGUARDED_AVAILABILITY = YES_AGGRESSIVE;
				CLANG_WARN_UNREACHABLE_CODE = YES;
				CLANG_WARN__DUPLICATE_METHOD_MATCH = YES;
				COPY_PHASE_STRIP = NO;
				DEBUG_INFORMATION_FORMAT = dwarf;
				ENABLE_STRICT_OBJC_MSGSEND = YES;
				ENABLE_TESTABILITY = YES;
				GCC_C_LANGUAGE_STANDARD = gnu11;
				GCC_DYNAMIC_NO_PIC = NO;
				GCC_NO_COMMON_BLOCKS = YES;
				GCC_OPTIMIZATION_LEVEL = 0;
				GCC_PREPROCESSOR_DEFINITIONS = (
					"DEBUG=1",
					"$(inherited)",
				);
				GCC_WARN_64_TO_32_BIT_CONVERSION = YES;
				GCC_WARN_ABOUT_RETURN_TYPE = YES_ERROR;
				GCC_WARN_UNDECLARED_SELECTOR = YES;
				GCC_WARN_UNINITIALIZED_AUTOS = YES_AGGRESSIVE;
				GCC_WARN_UNUSED_FUNCTION = YES;
				GCC_WARN_UNUSED_VARIABLE = YES;
				IPHONEOS_DEPLOYMENT_TARGET = 13.2;
				MTL_ENABLE_DEBUG_INFO = INCLUDE_SOURCE;
				MTL_FAST_MATH = YES;
				ONLY_ACTIVE_ARCH = YES;
				SDKROOT = iphoneos;
				SWIFT_ACTIVE_COMPILATION_CONDITIONS = DEBUG;
				SWIFT_OPTIMIZATION_LEVEL = "-Onone";
			};
			name = Debug;
		};
		2279D0332554CE0E00903C9A /* Release */ = {
			isa = XCBuildConfiguration;
			buildSettings = {
				ALWAYS_SEARCH_USER_PATHS = NO;
				CLANG_ANALYZER_NONNULL = YES;
				CLANG_ANALYZER_NUMBER_OBJECT_CONVERSION = YES_AGGRESSIVE;
				CLANG_CXX_LANGUAGE_STANDARD = "gnu++14";
				CLANG_CXX_LIBRARY = "libc++";
				CLANG_ENABLE_MODULES = YES;
				CLANG_ENABLE_OBJC_ARC = YES;
				CLANG_ENABLE_OBJC_WEAK = YES;
				CLANG_WARN_BLOCK_CAPTURE_AUTORELEASING = YES;
				CLANG_WARN_BOOL_CONVERSION = YES;
				CLANG_WARN_COMMA = YES;
				CLANG_WARN_CONSTANT_CONVERSION = YES;
				CLANG_WARN_DEPRECATED_OBJC_IMPLEMENTATIONS = YES;
				CLANG_WARN_DIRECT_OBJC_ISA_USAGE = YES_ERROR;
				CLANG_WARN_DOCUMENTATION_COMMENTS = YES;
				CLANG_WARN_EMPTY_BODY = YES;
				CLANG_WARN_ENUM_CONVERSION = YES;
				CLANG_WARN_INFINITE_RECURSION = YES;
				CLANG_WARN_INT_CONVERSION = YES;
				CLANG_WARN_NON_LITERAL_NULL_CONVERSION = YES;
				CLANG_WARN_OBJC_IMPLICIT_RETAIN_SELF = YES;
				CLANG_WARN_OBJC_LITERAL_CONVERSION = YES;
				CLANG_WARN_OBJC_ROOT_CLASS = YES_ERROR;
				CLANG_WARN_RANGE_LOOP_ANALYSIS = YES;
				CLANG_WARN_STRICT_PROTOTYPES = YES;
				CLANG_WARN_SUSPICIOUS_MOVE = YES;
				CLANG_WARN_UNGUARDED_AVAILABILITY = YES_AGGRESSIVE;
				CLANG_WARN_UNREACHABLE_CODE = YES;
				CLANG_WARN__DUPLICATE_METHOD_MATCH = YES;
				COPY_PHASE_STRIP = NO;
				DEBUG_INFORMATION_FORMAT = "dwarf-with-dsym";
				ENABLE_NS_ASSERTIONS = NO;
				ENABLE_STRICT_OBJC_MSGSEND = YES;
				GCC_C_LANGUAGE_STANDARD = gnu11;
				GCC_NO_COMMON_BLOCKS = YES;
				GCC_WARN_64_TO_32_BIT_CONVERSION = YES;
				GCC_WARN_ABOUT_RETURN_TYPE = YES_ERROR;
				GCC_WARN_UNDECLARED_SELECTOR = YES;
				GCC_WARN_UNINITIALIZED_AUTOS = YES_AGGRESSIVE;
				GCC_WARN_UNUSED_FUNCTION = YES;
				GCC_WARN_UNUSED_VARIABLE = YES;
				IPHONEOS_DEPLOYMENT_TARGET = 13.2;
				MTL_ENABLE_DEBUG_INFO = NO;
				MTL_FAST_MATH = YES;
				SDKROOT = iphoneos;
				SWIFT_COMPILATION_MODE = wholemodule;
				SWIFT_OPTIMIZATION_LEVEL = "-O";
				VALIDATE_PRODUCT = YES;
			};
			name = Release;
		};
		2279D0352554CE0E00903C9A /* Debug */ = {
			isa = XCBuildConfiguration;
			buildSettings = {
				ASSETCATALOG_COMPILER_APPICON_NAME = AppIcon;
				CODE_SIGN_IDENTITY = "Apple Development";
				CODE_SIGN_STYLE = Automatic;
				DEVELOPMENT_ASSET_PATHS = "\"LearnCodeAssembly/Preview Content\"";
				DEVELOPMENT_TEAM = D86YAFJU4P;
				ENABLE_PREVIEWS = YES;
				INFOPLIST_FILE = LearnCodeAssembly/Info.plist;
				IPHONEOS_DEPLOYMENT_TARGET = 13.0;
				LD_RUNPATH_SEARCH_PATHS = (
					"$(inherited)",
					"@executable_path/Frameworks",
				);
				PRODUCT_BUNDLE_IDENTIFIER = com.wingsmight.LearnCodeAssembly;
				PRODUCT_NAME = "$(TARGET_NAME)";
				PROVISIONING_PROFILE_SPECIFIER = "";
				SWIFT_VERSION = 5.0;
				TARGETED_DEVICE_FAMILY = "1,2";
			};
			name = Debug;
		};
		2279D0362554CE0E00903C9A /* Release */ = {
			isa = XCBuildConfiguration;
			buildSettings = {
				ASSETCATALOG_COMPILER_APPICON_NAME = AppIcon;
				CODE_SIGN_IDENTITY = "Apple Development";
				"CODE_SIGN_IDENTITY[sdk=iphoneos*]" = "iPhone Developer";
				CODE_SIGN_STYLE = Automatic;
				DEVELOPMENT_ASSET_PATHS = "\"LearnCodeAssembly/Preview Content\"";
				DEVELOPMENT_TEAM = D86YAFJU4P;
				ENABLE_PREVIEWS = YES;
				INFOPLIST_FILE = LearnCodeAssembly/Info.plist;
				IPHONEOS_DEPLOYMENT_TARGET = 13.0;
				LD_RUNPATH_SEARCH_PATHS = (
					"$(inherited)",
					"@executable_path/Frameworks",
				);
				PRODUCT_BUNDLE_IDENTIFIER = com.wingsmight.LearnCodeAssembly;
				PRODUCT_NAME = "$(TARGET_NAME)";
				PROVISIONING_PROFILE_SPECIFIER = "";
				SWIFT_VERSION = 5.0;
				TARGETED_DEVICE_FAMILY = "1,2";
			};
			name = Release;
		};
		2279D0382554CE0E00903C9A /* Debug */ = {
			isa = XCBuildConfiguration;
			buildSettings = {
				ALWAYS_EMBED_SWIFT_STANDARD_LIBRARIES = YES;
				BUNDLE_LOADER = "$(TEST_HOST)";
				CODE_SIGN_STYLE = Automatic;
				DEVELOPMENT_TEAM = D86YAFJU4P;
				INFOPLIST_FILE = LearnCodeAssemblyTests/Info.plist;
				IPHONEOS_DEPLOYMENT_TARGET = 13.2;
				LD_RUNPATH_SEARCH_PATHS = (
					"$(inherited)",
					"@executable_path/Frameworks",
					"@loader_path/Frameworks",
				);
				PRODUCT_BUNDLE_IDENTIFIER = com.wingsmight.LearnCodeAssemblyTests;
				PRODUCT_NAME = "$(TARGET_NAME)";
				SWIFT_VERSION = 5.0;
				TARGETED_DEVICE_FAMILY = "1,2";
				TEST_HOST = "$(BUILT_PRODUCTS_DIR)/LearnCodeAssembly.app/LearnCodeAssembly";
			};
			name = Debug;
		};
		2279D0392554CE0E00903C9A /* Release */ = {
			isa = XCBuildConfiguration;
			buildSettings = {
				ALWAYS_EMBED_SWIFT_STANDARD_LIBRARIES = YES;
				BUNDLE_LOADER = "$(TEST_HOST)";
				CODE_SIGN_STYLE = Automatic;
				DEVELOPMENT_TEAM = D86YAFJU4P;
				INFOPLIST_FILE = LearnCodeAssemblyTests/Info.plist;
				IPHONEOS_DEPLOYMENT_TARGET = 13.2;
				LD_RUNPATH_SEARCH_PATHS = (
					"$(inherited)",
					"@executable_path/Frameworks",
					"@loader_path/Frameworks",
				);
				PRODUCT_BUNDLE_IDENTIFIER = com.wingsmight.LearnCodeAssemblyTests;
				PRODUCT_NAME = "$(TARGET_NAME)";
				SWIFT_VERSION = 5.0;
				TARGETED_DEVICE_FAMILY = "1,2";
				TEST_HOST = "$(BUILT_PRODUCTS_DIR)/LearnCodeAssembly.app/LearnCodeAssembly";
			};
			name = Release;
		};
		2279D03B2554CE0E00903C9A /* Debug */ = {
			isa = XCBuildConfiguration;
			buildSettings = {
				ALWAYS_EMBED_SWIFT_STANDARD_LIBRARIES = YES;
				CODE_SIGN_STYLE = Automatic;
				DEVELOPMENT_TEAM = D86YAFJU4P;
				INFOPLIST_FILE = LearnCodeAssemblyUITests/Info.plist;
				LD_RUNPATH_SEARCH_PATHS = (
					"$(inherited)",
					"@executable_path/Frameworks",
					"@loader_path/Frameworks",
				);
				PRODUCT_BUNDLE_IDENTIFIER = com.wingsmight.LearnCodeAssemblyUITests;
				PRODUCT_NAME = "$(TARGET_NAME)";
				SWIFT_VERSION = 5.0;
				TARGETED_DEVICE_FAMILY = "1,2";
				TEST_TARGET_NAME = LearnCodeAssembly;
			};
			name = Debug;
		};
		2279D03C2554CE0E00903C9A /* Release */ = {
			isa = XCBuildConfiguration;
			buildSettings = {
				ALWAYS_EMBED_SWIFT_STANDARD_LIBRARIES = YES;
				CODE_SIGN_STYLE = Automatic;
				DEVELOPMENT_TEAM = D86YAFJU4P;
				INFOPLIST_FILE = LearnCodeAssemblyUITests/Info.plist;
				LD_RUNPATH_SEARCH_PATHS = (
					"$(inherited)",
					"@executable_path/Frameworks",
					"@loader_path/Frameworks",
				);
				PRODUCT_BUNDLE_IDENTIFIER = com.wingsmight.LearnCodeAssemblyUITests;
				PRODUCT_NAME = "$(TARGET_NAME)";
				SWIFT_VERSION = 5.0;
				TARGETED_DEVICE_FAMILY = "1,2";
				TEST_TARGET_NAME = LearnCodeAssembly;
			};
			name = Release;
		};
/* End XCBuildConfiguration section */

/* Begin XCConfigurationList section */
		2279D0052554CE0C00903C9A /* Build configuration list for PBXProject "LearnCodeAssembly" */ = {
			isa = XCConfigurationList;
			buildConfigurations = (
				2279D0322554CE0E00903C9A /* Debug */,
				2279D0332554CE0E00903C9A /* Release */,
			);
			defaultConfigurationIsVisible = 0;
			defaultConfigurationName = Release;
		};
		2279D0342554CE0E00903C9A /* Build configuration list for PBXNativeTarget "LearnCodeAssembly" */ = {
			isa = XCConfigurationList;
			buildConfigurations = (
				2279D0352554CE0E00903C9A /* Debug */,
				2279D0362554CE0E00903C9A /* Release */,
			);
			defaultConfigurationIsVisible = 0;
			defaultConfigurationName = Release;
		};
		2279D0372554CE0E00903C9A /* Build configuration list for PBXNativeTarget "LearnCodeAssemblyTests" */ = {
			isa = XCConfigurationList;
			buildConfigurations = (
				2279D0382554CE0E00903C9A /* Debug */,
				2279D0392554CE0E00903C9A /* Release */,
			);
			defaultConfigurationIsVisible = 0;
			defaultConfigurationName = Release;
		};
		2279D03A2554CE0E00903C9A /* Build configuration list for PBXNativeTarget "LearnCodeAssemblyUITests" */ = {
			isa = XCConfigurationList;
			buildConfigurations = (
				2279D03B2554CE0E00903C9A /* Debug */,
				2279D03C2554CE0E00903C9A /* Release */,
			);
			defaultConfigurationIsVisible = 0;
			defaultConfigurationName = Release;
		};
/* End XCConfigurationList section */
	};
	rootObject = 2279D0022554CE0C00903C9A /* Project object */;
}
